PODS:
  - MergedSwiftPods (1.0.0)
  - Networking (1.0.0)
  - SnapKit (5.0.1)
  - UI (1.0.0)

DEPENDENCIES:
  - MergedSwiftPods (from `MergedPods/MergedSwiftPods`)
  - Networking (from `MergedPods/Networking`)
  - SnapKit
  - UI (from `MergedPods/UI`)

SPEC REPOS:
  https://cdn.cocoapods.org/:
    - SnapKit

EXTERNAL SOURCES:
  MergedSwiftPods:
    :path: MergedPods/MergedSwiftPods
  Networking:
    :path: MergedPods/Networking
  UI:
    :path: MergedPods/UI

SPEC CHECKSUMS:
  MergedSwiftPods: 3eb331e4e97471520b4d82f76615095cc101fce3
  Networking: 844633d13d2328a829083b24ffaee99aea51c1de
  SnapKit: 97b92857e3df3a0c71833cce143274bf6ef8e5eb
  UI: 2aa82721ee430cd2f0ab314904bbe1a281fa2ff9

PODFILE CHECKSUM: 23e410ea04d160bdbb75d10ffd2b294046a2fa82

COCOAPODS: 1.8.1
