PODS:
  - AlamofireGroup (1.0.0)
  - MergedSwiftPods (1.0.0)
  - Networking (1.0.0)
  - Nuke (8.3.1)
  - Subspecs (1.0.0)
  - UI (1.0.0)

DEPENDENCIES:
  - AlamofireGroup (from `MergedPods/AlamofireGroup`)
  - MergedSwiftPods (from `MergedPods/MergedSwiftPods`)
  - Networking (from `MergedPods/Networking`)
  - Nuke
  - Subspecs (from `MergedPods/Subspecs`)
  - UI (from `MergedPods/UI`)

SPEC REPOS:
  trunk:
    - Nuke

EXTERNAL SOURCES:
  AlamofireGroup:
    :path: MergedPods/AlamofireGroup
  MergedSwiftPods:
    :path: MergedPods/MergedSwiftPods
  Networking:
    :path: MergedPods/Networking
  Subspecs:
    :path: MergedPods/Subspecs
  UI:
    :path: MergedPods/UI

SPEC CHECKSUMS:
  AlamofireGroup: 113f3ab321b31b75a748378909f3f96305b771a2
  MergedSwiftPods: 1d3174c8375d5c332021c20accaedaf11b5e58d0
  Networking: 844633d13d2328a829083b24ffaee99aea51c1de
  Nuke: 85fb80f8df0cb26c28d2f4e0cb7fb93bcd6548d3
  Subspecs: 634e12dffc5b250b231410781ffa7b7c2c665b7a
  UI: 2aa82721ee430cd2f0ab314904bbe1a281fa2ff9

PODFILE CHECKSUM: cf932697df9d1e546ce24dd892661e3d0e6d57ec

COCOAPODS: 1.11.3
