// !$*UTF8*$!
{
	archiveVersion = 1;
	classes = {
	};
	objectVersion = 51;
	objects = {

/* Begin PBXBuildFile section */
		0DCF87C83E08DDA60BC58804 /* Pods_PodMergeExample.framework in Frameworks */ = {isa = PBXBuildFile; fileRef = 326C3CE2E03BCE168217019B /* Pods_PodMergeExample.framework */; };
		12FD38B52341E3B9008B0D64 /* AppDelegate.swift in Sources */ = {isa = PBXBuildFile; fileRef = 12FD38B42341E3B9008B0D64 /* AppDelegate.swift */; };
		12FD38B72341E3B9008B0D64 /* SceneDelegate.swift in Sources */ = {isa = PBXBuildFile; fileRef = 12FD38B62341E3B9008B0D64 /* SceneDelegate.swift */; };
		12FD38B92341E3B9008B0D64 /* ViewController.swift in Sources */ = {isa = PBXBuildFile; fileRef = 12FD38B82341E3B9008B0D64 /* ViewController.swift */; };
		12FD38BC2341E3B9008B0D64 /* Main.storyboard in Resources */ = {isa = PBXBuildFile; fileRef = 12FD38BA2341E3B9008B0D64 /* Main.storyboard */; };
		12FD38BE2341E3BA008B0D64 /* Assets.xcassets in Resources */ = {isa = PBXBuildFile; fileRef = 12FD38BD2341E3BA008B0D64 /* Assets.xcassets */; };
		12FD38C12341E3BA008B0D64 /* LaunchScreen.storyboard in Resources */ = {isa = PBXBuildFile; fileRef = 12FD38BF2341E3BA008B0D64 /* LaunchScreen.storyboard */; };
/* End PBXBuildFile section */

/* Begin PBXFileReference section */
		12FD38B12341E3B9008B0D64 /* PodMergeExample.app */ = {isa = PBXFileReference; explicitFileType = wrapper.application; includeInIndex = 0; path = PodMergeExample.app; sourceTree = BUILT_PRODUCTS_DIR; };
		12FD38B42341E3B9008B0D64 /* AppDelegate.swift */ = {isa = PBXFileReference; lastKnownFileType = sourcecode.swift; path = AppDelegate.swift; sourceTree = "<group>"; };
		12FD38B62341E3B9008B0D64 /* SceneDelegate.swift */ = {isa = PBXFileReference; lastKnownFileType = sourcecode.swift; path = SceneDelegate.swift; sourceTree = "<group>"; };
		12FD38B82341E3B9008B0D64 /* ViewController.swift */ = {isa = PBXFileReference; lastKnownFileType = sourcecode.swift; path = ViewController.swift; sourceTree = "<group>"; };
		12FD38BB2341E3B9008B0D64 /* Base */ = {isa = PBXFileReference; lastKnownFileType = file.storyboard; name = Base; path = Base.lproj/Main.storyboard; sourceTree = "<group>"; };
		12FD38BD2341E3BA008B0D64 /* Assets.xcassets */ = {isa = PBXFileReference; lastKnownFileType = folder.assetcatalog; path = Assets.xcassets; sourceTree = "<group>"; };
		12FD38C02341E3BA008B0D64 /* Base */ = {isa = PBXFileReference; lastKnownFileType = file.storyboard; name = Base; path = Base.lproj/LaunchScreen.storyboard; sourceTree = "<group>"; };
		12FD38C22341E3BA008B0D64 /* Info.plist */ = {isa = PBXFileReference; lastKnownFileType = text.plist.xml; path = Info.plist; sourceTree = "<group>"; };
		2D569EA3388D993D94D23BD8 /* Pods-PodMergeExample.release.xcconfig */ = {isa = PBXFileReference; includeInIndex = 1; lastKnownFileType = text.xcconfig; name = "Pods-PodMergeExample.release.xcconfig"; path = "Target Support Files/Pods-PodMergeExample/Pods-PodMergeExample.release.xcconfig"; sourceTree = "<group>"; };
		326C3CE2E03BCE168217019B /* Pods_PodMergeExample.framework */ = {isa = PBXFileReference; explicitFileType = wrapper.framework; includeInIndex = 0; path = Pods_PodMergeExample.framework; sourceTree = BUILT_PRODUCTS_DIR; };
		BE15710BE02090877A623DE7 /* Pods-PodMergeExample.debug.xcconfig */ = {isa = PBXFileReference; includeInIndex = 1; lastKnownFileType = text.xcconfig; name = "Pods-PodMergeExample.debug.xcconfig"; path = "Target Support Files/Pods-PodMergeExample/Pods-PodMergeExample.debug.xcconfig"; sourceTree = "<group>"; };
/* End PBXFileReference section */

/* Begin PBXFrameworksBuildPhase section */
		12FD38AE2341E3B9008B0D64 /* Frameworks */ = {
			isa = PBXFrameworksBuildPhase;
			buildActionMask = 2147483647;
			files = (
				0DCF87C83E08DDA60BC58804 /* Pods_PodMergeExample.framework in Frameworks */,
			);
			runOnlyForDeploymentPostprocessing = 0;
		};
/* End PBXFrameworksBuildPhase section */

/* Begin PBXGroup section */
		12FD38A82341E3B9008B0D64 = {
			isa = PBXGroup;
			children = (
				12FD38B32341E3B9008B0D64 /* PodMergeExample */,
				12FD38B22341E3B9008B0D64 /* Products */,
				DF313F279AEA0D1CD0713A70 /* Pods */,
				55A0A5065E2BD795F64595F8 /* Frameworks */,
			);
			sourceTree = "<group>";
		};
		12FD38B22341E3B9008B0D64 /* Products */ = {
			isa = PBXGroup;
			children = (
				12FD38B12341E3B9008B0D64 /* PodMergeExample.app */,
			);
			name = Products;
			sourceTree = "<group>";
		};
		12FD38B32341E3B9008B0D64 /* PodMergeExample */ = {
			isa = PBXGroup;
			children = (
				12FD38B42341E3B9008B0D64 /* AppDelegate.swift */,
				12FD38B62341E3B9008B0D64 /* SceneDelegate.swift */,
				12FD38B82341E3B9008B0D64 /* ViewController.swift */,
				12FD38BA2341E3B9008B0D64 /* Main.storyboard */,
				12FD38BD2341E3BA008B0D64 /* Assets.xcassets */,
				12FD38BF2341E3BA008B0D64 /* LaunchScreen.storyboard */,
				12FD38C22341E3BA008B0D64 /* Info.plist */,
			);
			path = PodMergeExample;
			sourceTree = "<group>";
		};
		55A0A5065E2BD795F64595F8 /* Frameworks */ = {
			isa = PBXGroup;
			children = (
				326C3CE2E03BCE168217019B /* Pods_PodMergeExample.framework */,
			);
			name = Frameworks;
			sourceTree = "<group>";
		};
		DF313F279AEA0D1CD0713A70 /* Pods */ = {
			isa = PBXGroup;
			children = (
				BE15710BE02090877A623DE7 /* Pods-PodMergeExample.debug.xcconfig */,
				2D569EA3388D993D94D23BD8 /* Pods-PodMergeExample.release.xcconfig */,
			);
			path = Pods;
			sourceTree = "<group>";
		};
/* End PBXGroup section */

/* Begin PBXNativeTarget section */
		12FD38B02341E3B9008B0D64 /* PodMergeExample */ = {
			isa = PBXNativeTarget;
			buildConfigurationList = 12FD38C52341E3BA008B0D64 /* Build configuration list for PBXNativeTarget "PodMergeExample" */;
			buildPhases = (
				C0B2B49D5E1F38A95B672005 /* [CP] Check Pods Manifest.lock */,
				12FD38AD2341E3B9008B0D64 /* Sources */,
				12FD38AE2341E3B9008B0D64 /* Frameworks */,
				12FD38AF2341E3B9008B0D64 /* Resources */,
				FBA30DA85C392571AD5D501D /* [CP] Embed Pods Frameworks */,
			);
			buildRules = (
			);
			dependencies = (
			);
			name = PodMergeExample;
			productName = PodMergeExample;
			productReference = 12FD38B12341E3B9008B0D64 /* PodMergeExample.app */;
			productType = "com.apple.product-type.application";
		};
/* End PBXNativeTarget section */

/* Begin PBXProject section */
		12FD38A92341E3B9008B0D64 /* Project object */ = {
			isa = PBXProject;
			attributes = {
				LastSwiftUpdateCheck = 1110;
				LastUpgradeCheck = 1110;
				ORGANIZATIONNAME = Grab;
				TargetAttributes = {
					12FD38B02341E3B9008B0D64 = {
						CreatedOnToolsVersion = 11.1;
					};
				};
			};
			buildConfigurationList = 12FD38AC2341E3B9008B0D64 /* Build configuration list for PBXProject "PodMergeExample" */;
			compatibilityVersion = "Xcode 9.3";
			developmentRegion = en;
			hasScannedForEncodings = 0;
			knownRegions = (
				en,
				Base,
			);
			mainGroup = 12FD38A82341E3B9008B0D64;
			productRefGroup = 12FD38B22341E3B9008B0D64 /* Products */;
			projectDirPath = "";
			projectRoot = "";
			targets = (
				12FD38B02341E3B9008B0D64 /* PodMergeExample */,
			);
		};
/* End PBXProject section */

/* Begin PBXResourcesBuildPhase section */
		12FD38AF2341E3B9008B0D64 /* Resources */ = {
			isa = PBXResourcesBuildPhase;
			buildActionMask = 2147483647;
			files = (
				12FD38C12341E3BA008B0D64 /* LaunchScreen.storyboard in Resources */,
				12FD38BE2341E3BA008B0D64 /* Assets.xcassets in Resources */,
				12FD38BC2341E3B9008B0D64 /* Main.storyboard in Resources */,
			);
			runOnlyForDeploymentPostprocessing = 0;
		};
/* End PBXResourcesBuildPhase section */

/* Begin PBXShellScriptBuildPhase section */
		C0B2B49D5E1F38A95B672005 /* [CP] Check Pods Manifest.lock */ = {
			isa = PBXShellScriptBuildPhase;
			buildActionMask = 2147483647;
			files = (
			);
			inputFileListPaths = (
			);
			inputPaths = (
				"${PODS_PODFILE_DIR_PATH}/Podfile.lock",
				"${PODS_ROOT}/Manifest.lock",
			);
			name = "[CP] Check Pods Manifest.lock";
			outputFileListPaths = (
			);
			outputPaths = (
				"$(DERIVED_FILE_DIR)/Pods-PodMergeExample-checkManifestLockResult.txt",
			);
			runOnlyForDeploymentPostprocessing = 0;
			shellPath = /bin/sh;
			shellScript = "diff \"${PODS_PODFILE_DIR_PATH}/Podfile.lock\" \"${PODS_ROOT}/Manifest.lock\" > /dev/null\nif [ $? != 0 ] ; then\n    # print error to STDERR\n    echo \"error: The sandbox is not in sync with the Podfile.lock. Run 'pod install' or update your CocoaPods installation.\" >&2\n    exit 1\nfi\n# This output is used by Xcode 'outputs' to avoid re-running this script phase.\necho \"SUCCESS\" > \"${SCRIPT_OUTPUT_FILE_0}\"\n";
			showEnvVarsInLog = 0;
		};
		FBA30DA85C392571AD5D501D /* [CP] Embed Pods Frameworks */ = {
			isa = PBXShellScriptBuildPhase;
			buildActionMask = 2147483647;
			files = (
			);
			inputFileListPaths = (
				"${PODS_ROOT}/Target Support Files/Pods-PodMergeExample/Pods-PodMergeExample-frameworks-${CONFIGURATION}-input-files.xcfilelist",
			);
			name = "[CP] Embed Pods Frameworks";
			outputFileListPaths = (
				"${PODS_ROOT}/Target Support Files/Pods-PodMergeExample/Pods-PodMergeExample-frameworks-${CONFIGURATION}-output-files.xcfilelist",
			);
			runOnlyForDeploymentPostprocessing = 0;
			shellPath = /bin/sh;
			shellScript = "\"${PODS_ROOT}/Target Support Files/Pods-PodMergeExample/Pods-PodMergeExample-frameworks.sh\"\n";
			showEnvVarsInLog = 0;
		};
/* End PBXShellScriptBuildPhase section */

/* Begin PBXSourcesBuildPhase section */
		12FD38AD2341E3B9008B0D64 /* Sources */ = {
			isa = PBXSourcesBuildPhase;
			buildActionMask = 2147483647;
			files = (
				12FD38B92341E3B9008B0D64 /* ViewController.swift in Sources */,
				12FD38B52341E3B9008B0D64 /* AppDelegate.swift in Sources */,
				12FD38B72341E3B9008B0D64 /* SceneDelegate.swift in Sources */,
			);
			runOnlyForDeploymentPostprocessing = 0;
		};
/* End PBXSourcesBuildPhase section */

/* Begin PBXVariantGroup section */
		12FD38BA2341E3B9008B0D64 /* Main.storyboard */ = {
			isa = PBXVariantGroup;
			children = (
				12FD38BB2341E3B9008B0D64 /* Base */,
			);
			name = Main.storyboard;
			sourceTree = "<group>";
		};
		12FD38BF2341E3BA008B0D64 /* LaunchScreen.storyboard */ = {
			isa = PBXVariantGroup;
			children = (
				12FD38C02341E3BA008B0D64 /* Base */,
			);
			name = LaunchScreen.storyboard;
			sourceTree = "<group>";
		};
/* End PBXVariantGroup section */

/* Begin XCBuildConfiguration section */
		12FD38C32341E3BA008B0D64 /* Debug */ = {
			isa = XCBuildConfiguration;
			buildSettings = {
				ALWAYS_SEARCH_USER_PATHS = NO;
				CLANG_ANALYZER_NONNULL = YES;
				CLANG_ANALYZER_NUMBER_OBJECT_CONVERSION = YES_AGGRESSIVE;
				CLANG_CXX_LANGUAGE_STANDARD = "gnu++14";
				CLANG_CXX_LIBRARY = "libc++";
				CLANG_ENABLE_MODULES = YES;
				CLANG_ENABLE_OBJC_ARC = YES;
				CLANG_ENABLE_OBJC_WEAK = YES;
				CLANG_WARN_BLOCK_CAPTURE_AUTORELEASING = YES;
				CLANG_WARN_BOOL_CONVERSION = YES;
				CLANG_WARN_COMMA = YES;
				CLANG_WARN_CONSTANT_CONVERSION = YES;
				CLANG_WARN_DEPRECATED_OBJC_IMPLEMENTATIONS = YES;
				CLANG_WARN_DIRECT_OBJC_ISA_USAGE = YES_ERROR;
				CLANG_WARN_DOCUMENTATION_COMMENTS = YES;
				CLANG_WARN_EMPTY_BODY = YES;
				CLANG_WARN_ENUM_CONVERSION = YES;
				CLANG_WARN_INFINITE_RECURSION = YES;
				CLANG_WARN_INT_CONVERSION = YES;
				CLANG_WARN_NON_LITERAL_NULL_CONVERSION = YES;
				CLANG_WARN_OBJC_IMPLICIT_RETAIN_SELF = YES;
				CLANG_WARN_OBJC_LITERAL_CONVERSION = YES;
				CLANG_WARN_OBJC_ROOT_CLASS = YES_ERROR;
				CLANG_WARN_RANGE_LOOP_ANALYSIS = YES;
				CLANG_WARN_STRICT_PROTOTYPES = YES;
				CLANG_WARN_SUSPICIOUS_MOVE = YES;
				CLANG_WARN_UNGUARDED_AVAILABILITY = YES_AGGRESSIVE;
				CLANG_WARN_UNREACHABLE_CODE = YES;
				CLANG_WARN__DUPLICATE_METHOD_MATCH = YES;
				COPY_PHASE_STRIP = NO;
				DEBUG_INFORMATION_FORMAT = dwarf;
				ENABLE_STRICT_OBJC_MSGSEND = YES;
				ENABLE_TESTABILITY = YES;
				GCC_C_LANGUAGE_STANDARD = gnu11;
				GCC_DYNAMIC_NO_PIC = NO;
				GCC_NO_COMMON_BLOCKS = YES;
				GCC_OPTIMIZATION_LEVEL = 0;
				GCC_PREPROCESSOR_DEFINITIONS = (
					"DEBUG=1",
					"$(inherited)",
				);
				GCC_WARN_64_TO_32_BIT_CONVERSION = YES;
				GCC_WARN_ABOUT_RETURN_TYPE = YES_ERROR;
				GCC_WARN_UNDECLARED_SELECTOR = YES;
				GCC_WARN_UNINITIALIZED_AUTOS = YES_AGGRESSIVE;
				GCC_WARN_UNUSED_FUNCTION = YES;
				GCC_WARN_UNUSED_VARIABLE = YES;
				IPHONEOS_DEPLOYMENT_TARGET = 13.1;
				MTL_ENABLE_DEBUG_INFO = INCLUDE_SOURCE;
				MTL_FAST_MATH = YES;
				ONLY_ACTIVE_ARCH = YES;
				SDKROOT = iphoneos;
				SWIFT_ACTIVE_COMPILATION_CONDITIONS = DEBUG;
				SWIFT_OPTIMIZATION_LEVEL = "-Onone";
			};
			name = Debug;
		};
		12FD38C42341E3BA008B0D64 /* Release */ = {
			isa = XCBuildConfiguration;
			buildSettings = {
				ALWAYS_SEARCH_USER_PATHS = NO;
				CLANG_ANALYZER_NONNULL = YES;
				CLANG_ANALYZER_NUMBER_OBJECT_CONVERSION = YES_AGGRESSIVE;
				CLANG_CXX_LANGUAGE_STANDARD = "gnu++14";
				CLANG_CXX_LIBRARY = "libc++";
				CLANG_ENABLE_MODULES = YES;
				CLANG_ENABLE_OBJC_ARC = YES;
				CLANG_ENABLE_OBJC_WEAK = YES;
				CLANG_WARN_BLOCK_CAPTURE_AUTORELEASING = YES;
				CLANG_WARN_BOOL_CONVERSION = YES;
				CLANG_WARN_COMMA = YES;
				CLANG_WARN_CONSTANT_CONVERSION = YES;
				CLANG_WARN_DEPRECATED_OBJC_IMPLEMENTATIONS = YES;
				CLANG_WARN_DIRECT_OBJC_ISA_USAGE = YES_ERROR;
				CLANG_WARN_DOCUMENTATION_COMMENTS = YES;
				CLANG_WARN_EMPTY_BODY = YES;
				CLANG_WARN_ENUM_CONVERSION = YES;
				CLANG_WARN_INFINITE_RECURSION = YES;
				CLANG_WARN_INT_CONVERSION = YES;
				CLANG_WARN_NON_LITERAL_NULL_CONVERSION = YES;
				CLANG_WARN_OBJC_IMPLICIT_RETAIN_SELF = YES;
				CLANG_WARN_OBJC_LITERAL_CONVERSION = YES;
				CLANG_WARN_OBJC_ROOT_CLASS = YES_ERROR;
				CLANG_WARN_RANGE_LOOP_ANALYSIS = YES;
				CLANG_WARN_STRICT_PROTOTYPES = YES;
				CLANG_WARN_SUSPICIOUS_MOVE = YES;
				CLANG_WARN_UNGUARDED_AVAILABILITY = YES_AGGRESSIVE;
				CLANG_WARN_UNREACHABLE_CODE = YES;
				CLANG_WARN__DUPLICATE_METHOD_MATCH = YES;
				COPY_PHASE_STRIP = NO;
				DEBUG_INFORMATION_FORMAT = "dwarf-with-dsym";
				ENABLE_NS_ASSERTIONS = NO;
				ENABLE_STRICT_OBJC_MSGSEND = YES;
				GCC_C_LANGUAGE_STANDARD = gnu11;
				GCC_NO_COMMON_BLOCKS = YES;
				GCC_WARN_64_TO_32_BIT_CONVERSION = YES;
				GCC_WARN_ABOUT_RETURN_TYPE = YES_ERROR;
				GCC_WARN_UNDECLARED_SELECTOR = YES;
				GCC_WARN_UNINITIALIZED_AUTOS = YES_AGGRESSIVE;
				GCC_WARN_UNUSED_FUNCTION = YES;
				GCC_WARN_UNUSED_VARIABLE = YES;
				IPHONEOS_DEPLOYMENT_TARGET = 13.1;
				MTL_ENABLE_DEBUG_INFO = NO;
				MTL_FAST_MATH = YES;
				SDKROOT = iphoneos;
				SWIFT_COMPILATION_MODE = wholemodule;
				SWIFT_OPTIMIZATION_LEVEL = "-O";
				VALIDATE_PRODUCT = YES;
			};
			name = Release;
		};
		12FD38C62341E3BA008B0D64 /* Debug */ = {
			isa = XCBuildConfiguration;
			baseConfigurationReference = BE15710BE02090877A623DE7 /* Pods-PodMergeExample.debug.xcconfig */;
			buildSettings = {
				ASSETCATALOG_COMPILER_APPICON_NAME = AppIcon;
				CODE_SIGN_STYLE = Automatic;
				DEVELOPMENT_TEAM = GK4PSM4SG2;
				INFOPLIST_FILE = PodMergeExample/Info.plist;
				IPHONEOS_DEPLOYMENT_TARGET = 11.0;
				LD_RUNPATH_SEARCH_PATHS = (
					"$(inherited)",
					"@executable_path/Frameworks",
				);
				PRODUCT_BUNDLE_IDENTIFIER = Grab.PodMergeExample;
				PRODUCT_NAME = "$(TARGET_NAME)";
				SWIFT_VERSION = 5.0;
				TARGETED_DEVICE_FAMILY = "1,2";
			};
			name = Debug;
		};
		12FD38C72341E3BA008B0D64 /* Release */ = {
			isa = XCBuildConfiguration;
			baseConfigurationReference = 2D569EA3388D993D94D23BD8 /* Pods-PodMergeExample.release.xcconfig */;
			buildSettings = {
				ASSETCATALOG_COMPILER_APPICON_NAME = AppIcon;
				CODE_SIGN_STYLE = Automatic;
				DEVELOPMENT_TEAM = GK4PSM4SG2;
				INFOPLIST_FILE = PodMergeExample/Info.plist;
				IPHONEOS_DEPLOYMENT_TARGET = 11.0;
				LD_RUNPATH_SEARCH_PATHS = (
					"$(inherited)",
					"@executable_path/Frameworks",
				);
				PRODUCT_BUNDLE_IDENTIFIER = Grab.PodMergeExample;
				PRODUCT_NAME = "$(TARGET_NAME)";
				SWIFT_VERSION = 5.0;
				TARGETED_DEVICE_FAMILY = "1,2";
			};
			name = Release;
		};
/* End XCBuildConfiguration section */

/* Begin XCConfigurationList section */
		12FD38AC2341E3B9008B0D64 /* Build configuration list for PBXProject "PodMergeExample" */ = {
			isa = XCConfigurationList;
			buildConfigurations = (
				12FD38C32341E3BA008B0D64 /* Debug */,
				12FD38C42341E3BA008B0D64 /* Release */,
			);
			defaultConfigurationIsVisible = 0;
			defaultConfigurationName = Release;
		};
		12FD38C52341E3BA008B0D64 /* Build configuration list for PBXNativeTarget "PodMergeExample" */ = {
			isa = XCConfigurationList;
			buildConfigurations = (
				12FD38C62341E3BA008B0D64 /* Debug */,
				12FD38C72341E3BA008B0D64 /* Release */,
			);
			defaultConfigurationIsVisible = 0;
			defaultConfigurationName = Release;
		};
/* End XCConfigurationList section */
	};
	rootObject = 12FD38A92341E3B9008B0D64 /* Project object */;
}
